// !$*UTF8*$!
{
	archiveVersion = 1;
	classes = {
	};
	objectVersion = 56;
	objects = {

/* Begin PBXBuildFile section */
		8F72EBC62AE7DF0A007E2D99 /* CityMusicNavigatorApp.swift in Sources */ = {isa = PBXBuildFile; fileRef = 8F72EBC52AE7DF0A007E2D99 /* CityMusicNavigatorApp.swift */; };
		8F72EBC82AE7DF0A007E2D99 /* ContentView.swift in Sources */ = {isa = PBXBuildFile; fileRef = 8F72EBC72AE7DF0A007E2D99 /* ContentView.swift */; };
		8F72EBCA2AE7DF0B007E2D99 /* Assets.xcassets in Resources */ = {isa = PBXBuildFile; fileRef = 8F72EBC92AE7DF0B007E2D99 /* Assets.xcassets */; };
		8F72EBCD2AE7DF0B007E2D99 /* Preview Assets.xcassets in Resources */ = {isa = PBXBuildFile; fileRef = 8F72EBCC2AE7DF0B007E2D99 /* Preview Assets.xcassets */; };
		8F72EBD72AE7DF0B007E2D99 /* CityMusicNavigatorTests.swift in Sources */ = {isa = PBXBuildFile; fileRef = 8F72EBD62AE7DF0B007E2D99 /* CityMusicNavigatorTests.swift */; };
		8F72EBE12AE7DF0B007E2D99 /* CityMusicNavigatorUITests.swift in Sources */ = {isa = PBXBuildFile; fileRef = 8F72EBE02AE7DF0B007E2D99 /* CityMusicNavigatorUITests.swift */; };
		8F72EBE32AE7DF0B007E2D99 /* CityMusicNavigatorUITestsLaunchTests.swift in Sources */ = {isa = PBXBuildFile; fileRef = 8F72EBE22AE7DF0B007E2D99 /* CityMusicNavigatorUITestsLaunchTests.swift */; };
		8F72EBF02AE7E19F007E2D99 /* MapModels.swift in Sources */ = {isa = PBXBuildFile; fileRef = 8F72EBEF2AE7E19F007E2D99 /* MapModels.swift */; };
		8FA2FF992AEBCA8D00C557EF /* MusicInteractor.swift in Sources */ = {isa = PBXBuildFile; fileRef = 8FA2FF982AEBCA8D00C557EF /* MusicInteractor.swift */; };
		8FECBBCE2AEA3AC80042BB32 /* GeoLocationInteractor.swift in Sources */ = {isa = PBXBuildFile; fileRef = 8FECBBCD2AEA3AC80042BB32 /* GeoLocationInteractor.swift */; };
		8FECBBD02AEA8BF90042BB32 /* AppState.swift in Sources */ = {isa = PBXBuildFile; fileRef = 8FECBBCF2AEA8BF90042BB32 /* AppState.swift */; };
/* End PBXBuildFile section */

/* Begin PBXContainerItemProxy section */
		8F72EBD32AE7DF0B007E2D99 /* PBXContainerItemProxy */ = {
			isa = PBXContainerItemProxy;
			containerPortal = 8F72EBBA2AE7DF0A007E2D99 /* Project object */;
			proxyType = 1;
			remoteGlobalIDString = 8F72EBC12AE7DF0A007E2D99;
			remoteInfo = CityMusicNavigator;
		};
		8F72EBDD2AE7DF0B007E2D99 /* PBXContainerItemProxy */ = {
			isa = PBXContainerItemProxy;
			containerPortal = 8F72EBBA2AE7DF0A007E2D99 /* Project object */;
			proxyType = 1;
			remoteGlobalIDString = 8F72EBC12AE7DF0A007E2D99;
			remoteInfo = CityMusicNavigator;
		};
/* End PBXContainerItemProxy section */

/* Begin PBXFileReference section */
		8F72EBC22AE7DF0A007E2D99 /* CityMusicNavigator.app */ = {isa = PBXFileReference; explicitFileType = wrapper.application; includeInIndex = 0; path = CityMusicNavigator.app; sourceTree = BUILT_PRODUCTS_DIR; };
		8F72EBC52AE7DF0A007E2D99 /* CityMusicNavigatorApp.swift */ = {isa = PBXFileReference; lastKnownFileType = sourcecode.swift; path = CityMusicNavigatorApp.swift; sourceTree = "<group>"; };
		8F72EBC72AE7DF0A007E2D99 /* ContentView.swift */ = {isa = PBXFileReference; lastKnownFileType = sourcecode.swift; path = ContentView.swift; sourceTree = "<group>"; };
		8F72EBC92AE7DF0B007E2D99 /* Assets.xcassets */ = {isa = PBXFileReference; lastKnownFileType = folder.assetcatalog; path = Assets.xcassets; sourceTree = "<group>"; };
		8F72EBCC2AE7DF0B007E2D99 /* Preview Assets.xcassets */ = {isa = PBXFileReference; lastKnownFileType = folder.assetcatalog; path = "Preview Assets.xcassets"; sourceTree = "<group>"; };
		8F72EBD22AE7DF0B007E2D99 /* CityMusicNavigatorTests.xctest */ = {isa = PBXFileReference; explicitFileType = wrapper.cfbundle; includeInIndex = 0; path = CityMusicNavigatorTests.xctest; sourceTree = BUILT_PRODUCTS_DIR; };
		8F72EBD62AE7DF0B007E2D99 /* CityMusicNavigatorTests.swift */ = {isa = PBXFileReference; lastKnownFileType = sourcecode.swift; path = CityMusicNavigatorTests.swift; sourceTree = "<group>"; };
		8F72EBDC2AE7DF0B007E2D99 /* CityMusicNavigatorUITests.xctest */ = {isa = PBXFileReference; explicitFileType = wrapper.cfbundle; includeInIndex = 0; path = CityMusicNavigatorUITests.xctest; sourceTree = BUILT_PRODUCTS_DIR; };
		8F72EBE02AE7DF0B007E2D99 /* CityMusicNavigatorUITests.swift */ = {isa = PBXFileReference; lastKnownFileType = sourcecode.swift; path = CityMusicNavigatorUITests.swift; sourceTree = "<group>"; };
		8F72EBE22AE7DF0B007E2D99 /* CityMusicNavigatorUITestsLaunchTests.swift */ = {isa = PBXFileReference; lastKnownFileType = sourcecode.swift; path = CityMusicNavigatorUITestsLaunchTests.swift; sourceTree = "<group>"; };
		8F72EBEF2AE7E19F007E2D99 /* MapModels.swift */ = {isa = PBXFileReference; lastKnownFileType = sourcecode.swift; path = MapModels.swift; sourceTree = "<group>"; };
		8FA2FF982AEBCA8D00C557EF /* MusicInteractor.swift */ = {isa = PBXFileReference; fileEncoding = 4; lastKnownFileType = sourcecode.swift; path = MusicInteractor.swift; sourceTree = "<group>"; };
		8FECBBCA2AE80E2B0042BB32 /* Info.plist */ = {isa = PBXFileReference; lastKnownFileType = text.plist; path = Info.plist; sourceTree = "<group>"; };
		8FECBBCD2AEA3AC80042BB32 /* GeoLocationInteractor.swift */ = {isa = PBXFileReference; lastKnownFileType = sourcecode.swift; path = GeoLocationInteractor.swift; sourceTree = "<group>"; };
		8FECBBCF2AEA8BF90042BB32 /* AppState.swift */ = {isa = PBXFileReference; lastKnownFileType = sourcecode.swift; path = AppState.swift; sourceTree = "<group>"; };
/* End PBXFileReference section */

/* Begin PBXFrameworksBuildPhase section */
		8F72EBBF2AE7DF0A007E2D99 /* Frameworks */ = {
			isa = PBXFrameworksBuildPhase;
			buildActionMask = 2147483647;
			files = (
			);
			runOnlyForDeploymentPostprocessing = 0;
		};
		8F72EBCF2AE7DF0B007E2D99 /* Frameworks */ = {
			isa = PBXFrameworksBuildPhase;
			buildActionMask = 2147483647;
			files = (
			);
			runOnlyForDeploymentPostprocessing = 0;
		};
		8F72EBD92AE7DF0B007E2D99 /* Frameworks */ = {
			isa = PBXFrameworksBuildPhase;
			buildActionMask = 2147483647;
			files = (
			);
			runOnlyForDeploymentPostprocessing = 0;
		};
/* End PBXFrameworksBuildPhase section */

/* Begin PBXGroup section */
		8F72EBB92AE7DF0A007E2D99 = {
			isa = PBXGroup;
			children = (
				8F72EBC42AE7DF0A007E2D99 /* CityMusicNavigator */,
				8F72EBD52AE7DF0B007E2D99 /* CityMusicNavigatorTests */,
				8F72EBDF2AE7DF0B007E2D99 /* CityMusicNavigatorUITests */,
				8F72EBC32AE7DF0A007E2D99 /* Products */,
			);
			sourceTree = "<group>";
		};
		8F72EBC32AE7DF0A007E2D99 /* Products */ = {
			isa = PBXGroup;
			children = (
				8F72EBC22AE7DF0A007E2D99 /* CityMusicNavigator.app */,
				8F72EBD22AE7DF0B007E2D99 /* CityMusicNavigatorTests.xctest */,
				8F72EBDC2AE7DF0B007E2D99 /* CityMusicNavigatorUITests.xctest */,
			);
			name = Products;
			sourceTree = "<group>";
		};
		8F72EBC42AE7DF0A007E2D99 /* CityMusicNavigator */ = {
			isa = PBXGroup;
			children = (
				8FA2FF982AEBCA8D00C557EF /* MusicInteractor.swift */,
				8FECBBCA2AE80E2B0042BB32 /* Info.plist */,
				8F72EBC52AE7DF0A007E2D99 /* CityMusicNavigatorApp.swift */,
				8F72EBC72AE7DF0A007E2D99 /* ContentView.swift */,
				8F72EBEF2AE7E19F007E2D99 /* MapModels.swift */,
				8F72EBC92AE7DF0B007E2D99 /* Assets.xcassets */,
				8F72EBCB2AE7DF0B007E2D99 /* Preview Content */,
				8FECBBCD2AEA3AC80042BB32 /* GeoLocationInteractor.swift */,
				8FECBBCF2AEA8BF90042BB32 /* AppState.swift */,
			);
			path = CityMusicNavigator;
			sourceTree = "<group>";
		};
		8F72EBCB2AE7DF0B007E2D99 /* Preview Content */ = {
			isa = PBXGroup;
			children = (
				8F72EBCC2AE7DF0B007E2D99 /* Preview Assets.xcassets */,
			);
			path = "Preview Content";
			sourceTree = "<group>";
		};
		8F72EBD52AE7DF0B007E2D99 /* CityMusicNavigatorTests */ = {
			isa = PBXGroup;
			children = (
				8F72EBD62AE7DF0B007E2D99 /* CityMusicNavigatorTests.swift */,
			);
			path = CityMusicNavigatorTests;
			sourceTree = "<group>";
		};
		8F72EBDF2AE7DF0B007E2D99 /* CityMusicNavigatorUITests */ = {
			isa = PBXGroup;
			children = (
				8F72EBE02AE7DF0B007E2D99 /* CityMusicNavigatorUITests.swift */,
				8F72EBE22AE7DF0B007E2D99 /* CityMusicNavigatorUITestsLaunchTests.swift */,
			);
			path = CityMusicNavigatorUITests;
			sourceTree = "<group>";
		};
/* End PBXGroup section */

/* Begin PBXNativeTarget section */
		8F72EBC12AE7DF0A007E2D99 /* CityMusicNavigator */ = {
			isa = PBXNativeTarget;
			buildConfigurationList = 8F72EBE62AE7DF0B007E2D99 /* Build configuration list for PBXNativeTarget "CityMusicNavigator" */;
			buildPhases = (
				8F72EBBE2AE7DF0A007E2D99 /* Sources */,
				8F72EBBF2AE7DF0A007E2D99 /* Frameworks */,
				8F72EBC02AE7DF0A007E2D99 /* Resources */,
			);
			buildRules = (
			);
			dependencies = (
			);
			name = CityMusicNavigator;
			productName = CityMusicNavigator;
			productReference = 8F72EBC22AE7DF0A007E2D99 /* CityMusicNavigator.app */;
			productType = "com.apple.product-type.application";
		};
		8F72EBD12AE7DF0B007E2D99 /* CityMusicNavigatorTests */ = {
			isa = PBXNativeTarget;
			buildConfigurationList = 8F72EBE92AE7DF0B007E2D99 /* Build configuration list for PBXNativeTarget "CityMusicNavigatorTests" */;
			buildPhases = (
				8F72EBCE2AE7DF0B007E2D99 /* Sources */,
				8F72EBCF2AE7DF0B007E2D99 /* Frameworks */,
				8F72EBD02AE7DF0B007E2D99 /* Resources */,
			);
			buildRules = (
			);
			dependencies = (
				8F72EBD42AE7DF0B007E2D99 /* PBXTargetDependency */,
			);
			name = CityMusicNavigatorTests;
			productName = CityMusicNavigatorTests;
			productReference = 8F72EBD22AE7DF0B007E2D99 /* CityMusicNavigatorTests.xctest */;
			productType = "com.apple.product-type.bundle.unit-test";
		};
		8F72EBDB2AE7DF0B007E2D99 /* CityMusicNavigatorUITests */ = {
			isa = PBXNativeTarget;
			buildConfigurationList = 8F72EBEC2AE7DF0B007E2D99 /* Build configuration list for PBXNativeTarget "CityMusicNavigatorUITests" */;
			buildPhases = (
				8F72EBD82AE7DF0B007E2D99 /* Sources */,
				8F72EBD92AE7DF0B007E2D99 /* Frameworks */,
				8F72EBDA2AE7DF0B007E2D99 /* Resources */,
			);
			buildRules = (
			);
			dependencies = (
				8F72EBDE2AE7DF0B007E2D99 /* PBXTargetDependency */,
			);
			name = CityMusicNavigatorUITests;
			productName = CityMusicNavigatorUITests;
			productReference = 8F72EBDC2AE7DF0B007E2D99 /* CityMusicNavigatorUITests.xctest */;
			productType = "com.apple.product-type.bundle.ui-testing";
		};
/* End PBXNativeTarget section */

/* Begin PBXProject section */
		8F72EBBA2AE7DF0A007E2D99 /* Project object */ = {
			isa = PBXProject;
			attributes = {
				BuildIndependentTargetsInParallel = 1;
				LastSwiftUpdateCheck = 1500;
				LastUpgradeCheck = 1500;
				TargetAttributes = {
					8F72EBC12AE7DF0A007E2D99 = {
						CreatedOnToolsVersion = 15.0.1;
					};
					8F72EBD12AE7DF0B007E2D99 = {
						CreatedOnToolsVersion = 15.0.1;
						TestTargetID = 8F72EBC12AE7DF0A007E2D99;
					};
					8F72EBDB2AE7DF0B007E2D99 = {
						CreatedOnToolsVersion = 15.0.1;
						TestTargetID = 8F72EBC12AE7DF0A007E2D99;
					};
				};
			};
			buildConfigurationList = 8F72EBBD2AE7DF0A007E2D99 /* Build configuration list for PBXProject "CityMusicNavigator" */;
			compatibilityVersion = "Xcode 14.0";
			developmentRegion = en;
			hasScannedForEncodings = 0;
			knownRegions = (
				en,
				Base,
			);
			mainGroup = 8F72EBB92AE7DF0A007E2D99;
			productRefGroup = 8F72EBC32AE7DF0A007E2D99 /* Products */;
			projectDirPath = "";
			projectRoot = "";
			targets = (
				8F72EBC12AE7DF0A007E2D99 /* CityMusicNavigator */,
				8F72EBD12AE7DF0B007E2D99 /* CityMusicNavigatorTests */,
				8F72EBDB2AE7DF0B007E2D99 /* CityMusicNavigatorUITests */,
			);
		};
/* End PBXProject section */

/* Begin PBXResourcesBuildPhase section */
		8F72EBC02AE7DF0A007E2D99 /* Resources */ = {
			isa = PBXResourcesBuildPhase;
			buildActionMask = 2147483647;
			files = (
				8F72EBCD2AE7DF0B007E2D99 /* Preview Assets.xcassets in Resources */,
				8F72EBCA2AE7DF0B007E2D99 /* Assets.xcassets in Resources */,
			);
			runOnlyForDeploymentPostprocessing = 0;
		};
		8F72EBD02AE7DF0B007E2D99 /* Resources */ = {
			isa = PBXResourcesBuildPhase;
			buildActionMask = 2147483647;
			files = (
			);
			runOnlyForDeploymentPostprocessing = 0;
		};
		8F72EBDA2AE7DF0B007E2D99 /* Resources */ = {
			isa = PBXResourcesBuildPhase;
			buildActionMask = 2147483647;
			files = (
			);
			runOnlyForDeploymentPostprocessing = 0;
		};
/* End PBXResourcesBuildPhase section */

/* Begin PBXSourcesBuildPhase section */
		8F72EBBE2AE7DF0A007E2D99 /* Sources */ = {
			isa = PBXSourcesBuildPhase;
			buildActionMask = 2147483647;
			files = (
				8F72EBC82AE7DF0A007E2D99 /* ContentView.swift in Sources */,
				8F72EBC62AE7DF0A007E2D99 /* CityMusicNavigatorApp.swift in Sources */,
				8FECBBD02AEA8BF90042BB32 /* AppState.swift in Sources */,
				8F72EBF02AE7E19F007E2D99 /* MapModels.swift in Sources */,
				8FA2FF992AEBCA8D00C557EF /* MusicInteractor.swift in Sources */,
				8FECBBCE2AEA3AC80042BB32 /* GeoLocationInteractor.swift in Sources */,
			);
			runOnlyForDeploymentPostprocessing = 0;
		};
		8F72EBCE2AE7DF0B007E2D99 /* Sources */ = {
			isa = PBXSourcesBuildPhase;
			buildActionMask = 2147483647;
			files = (
				8F72EBD72AE7DF0B007E2D99 /* CityMusicNavigatorTests.swift in Sources */,
			);
			runOnlyForDeploymentPostprocessing = 0;
		};
		8F72EBD82AE7DF0B007E2D99 /* Sources */ = {
			isa = PBXSourcesBuildPhase;
			buildActionMask = 2147483647;
			files = (
				8F72EBE12AE7DF0B007E2D99 /* CityMusicNavigatorUITests.swift in Sources */,
				8F72EBE32AE7DF0B007E2D99 /* CityMusicNavigatorUITestsLaunchTests.swift in Sources */,
			);
			runOnlyForDeploymentPostprocessing = 0;
		};
/* End PBXSourcesBuildPhase section */

/* Begin PBXTargetDependency section */
		8F72EBD42AE7DF0B007E2D99 /* PBXTargetDependency */ = {
			isa = PBXTargetDependency;
			target = 8F72EBC12AE7DF0A007E2D99 /* CityMusicNavigator */;
			targetProxy = 8F72EBD32AE7DF0B007E2D99 /* PBXContainerItemProxy */;
		};
		8F72EBDE2AE7DF0B007E2D99 /* PBXTargetDependency */ = {
			isa = PBXTargetDependency;
			target = 8F72EBC12AE7DF0A007E2D99 /* CityMusicNavigator */;
			targetProxy = 8F72EBDD2AE7DF0B007E2D99 /* PBXContainerItemProxy */;
		};
/* End PBXTargetDependency section */

/* Begin XCBuildConfiguration section */
		8F72EBE42AE7DF0B007E2D99 /* Debug */ = {
			isa = XCBuildConfiguration;
			buildSettings = {
				ALWAYS_SEARCH_USER_PATHS = NO;
				ASSETCATALOG_COMPILER_GENERATE_SWIFT_ASSET_SYMBOL_EXTENSIONS = YES;
				CLANG_ANALYZER_NONNULL = YES;
				CLANG_ANALYZER_NUMBER_OBJECT_CONVERSION = YES_AGGRESSIVE;
				CLANG_CXX_LANGUAGE_STANDARD = "gnu++20";
				CLANG_ENABLE_MODULES = YES;
				CLANG_ENABLE_OBJC_ARC = YES;
				CLANG_ENABLE_OBJC_WEAK = YES;
				CLANG_WARN_BLOCK_CAPTURE_AUTORELEASING = YES;
				CLANG_WARN_BOOL_CONVERSION = YES;
				CLANG_WARN_COMMA = YES;
				CLANG_WARN_CONSTANT_CONVERSION = YES;
				CLANG_WARN_DEPRECATED_OBJC_IMPLEMENTATIONS = YES;
				CLANG_WARN_DIRECT_OBJC_ISA_USAGE = YES_ERROR;
				CLANG_WARN_DOCUMENTATION_COMMENTS = YES;
				CLANG_WARN_EMPTY_BODY = YES;
				CLANG_WARN_ENUM_CONVERSION = YES;
				CLANG_WARN_INFINITE_RECURSION = YES;
				CLANG_WARN_INT_CONVERSION = YES;
				CLANG_WARN_NON_LITERAL_NULL_CONVERSION = YES;
				CLANG_WARN_OBJC_IMPLICIT_RETAIN_SELF = YES;
				CLANG_WARN_OBJC_LITERAL_CONVERSION = YES;
				CLANG_WARN_OBJC_ROOT_CLASS = YES_ERROR;
				CLANG_WARN_QUOTED_INCLUDE_IN_FRAMEWORK_HEADER = YES;
				CLANG_WARN_RANGE_LOOP_ANALYSIS = YES;
				CLANG_WARN_STRICT_PROTOTYPES = YES;
				CLANG_WARN_SUSPICIOUS_MOVE = YES;
				CLANG_WARN_UNGUARDED_AVAILABILITY = YES_AGGRESSIVE;
				CLANG_WARN_UNREACHABLE_CODE = YES;
				CLANG_WARN__DUPLICATE_METHOD_MATCH = YES;
				COPY_PHASE_STRIP = NO;
				DEBUG_INFORMATION_FORMAT = dwarf;
				ENABLE_STRICT_OBJC_MSGSEND = YES;
				ENABLE_TESTABILITY = YES;
				ENABLE_USER_SCRIPT_SANDBOXING = YES;
				GCC_C_LANGUAGE_STANDARD = gnu17;
				GCC_DYNAMIC_NO_PIC = NO;
				GCC_NO_COMMON_BLOCKS = YES;
				GCC_OPTIMIZATION_LEVEL = 0;
				GCC_PREPROCESSOR_DEFINITIONS = (
					"DEBUG=1",
					"$(inherited)",
				);
				GCC_WARN_64_TO_32_BIT_CONVERSION = YES;
				GCC_WARN_ABOUT_RETURN_TYPE = YES_ERROR;
				GCC_WARN_UNDECLARED_SELECTOR = YES;
				GCC_WARN_UNINITIALIZED_AUTOS = YES_AGGRESSIVE;
				GCC_WARN_UNUSED_FUNCTION = YES;
				GCC_WARN_UNUSED_VARIABLE = YES;
				IPHONEOS_DEPLOYMENT_TARGET = 17.0;
				LOCALIZATION_PREFERS_STRING_CATALOGS = YES;
				MTL_ENABLE_DEBUG_INFO = INCLUDE_SOURCE;
				MTL_FAST_MATH = YES;
				ONLY_ACTIVE_ARCH = YES;
				SDKROOT = iphoneos;
				SWIFT_ACTIVE_COMPILATION_CONDITIONS = "DEBUG $(inherited)";
				SWIFT_OPTIMIZATION_LEVEL = "-Onone";
			};
			name = Debug;
		};
		8F72EBE52AE7DF0B007E2D99 /* Release */ = {
			isa = XCBuildConfiguration;
			buildSettings = {
				ALWAYS_SEARCH_USER_PATHS = NO;
				ASSETCATALOG_COMPILER_GENERATE_SWIFT_ASSET_SYMBOL_EXTENSIONS = YES;
				CLANG_ANALYZER_NONNULL = YES;
				CLANG_ANALYZER_NUMBER_OBJECT_CONVERSION = YES_AGGRESSIVE;
				CLANG_CXX_LANGUAGE_STANDARD = "gnu++20";
				CLANG_ENABLE_MODULES = YES;
				CLANG_ENABLE_OBJC_ARC = YES;
				CLANG_ENABLE_OBJC_WEAK = YES;
				CLANG_WARN_BLOCK_CAPTURE_AUTORELEASING = YES;
				CLANG_WARN_BOOL_CONVERSION = YES;
				CLANG_WARN_COMMA = YES;
				CLANG_WARN_CONSTANT_CONVERSION = YES;
				CLANG_WARN_DEPRECATED_OBJC_IMPLEMENTATIONS = YES;
				CLANG_WARN_DIRECT_OBJC_ISA_USAGE = YES_ERROR;
				CLANG_WARN_DOCUMENTATION_COMMENTS = YES;
				CLANG_WARN_EMPTY_BODY = YES;
				CLANG_WARN_ENUM_CONVERSION = YES;
				CLANG_WARN_INFINITE_RECURSION = YES;
				CLANG_WARN_INT_CONVERSION = YES;
				CLANG_WARN_NON_LITERAL_NULL_CONVERSION = YES;
				CLANG_WARN_OBJC_IMPLICIT_RETAIN_SELF = YES;
				CLANG_WARN_OBJC_LITERAL_CONVERSION = YES;
				CLANG_WARN_OBJC_ROOT_CLASS = YES_ERROR;
				CLANG_WARN_QUOTED_INCLUDE_IN_FRAMEWORK_HEADER = YES;
				CLANG_WARN_RANGE_LOOP_ANALYSIS = YES;
				CLANG_WARN_STRICT_PROTOTYPES = YES;
				CLANG_WARN_SUSPICIOUS_MOVE = YES;
				CLANG_WARN_UNGUARDED_AVAILABILITY = YES_AGGRESSIVE;
				CLANG_WARN_UNREACHABLE_CODE = YES;
				CLANG_WARN__DUPLICATE_METHOD_MATCH = YES;
				COPY_PHASE_STRIP = NO;
				DEBUG_INFORMATION_FORMAT = "dwarf-with-dsym";
				ENABLE_NS_ASSERTIONS = NO;
				ENABLE_STRICT_OBJC_MSGSEND = YES;
				ENABLE_USER_SCRIPT_SANDBOXING = YES;
				GCC_C_LANGUAGE_STANDARD = gnu17;
				GCC_NO_COMMON_BLOCKS = YES;
				GCC_WARN_64_TO_32_BIT_CONVERSION = YES;
				GCC_WARN_ABOUT_RETURN_TYPE = YES_ERROR;
				GCC_WARN_UNDECLARED_SELECTOR = YES;
				GCC_WARN_UNINITIALIZED_AUTOS = YES_AGGRESSIVE;
				GCC_WARN_UNUSED_FUNCTION = YES;
				GCC_WARN_UNUSED_VARIABLE = YES;
				IPHONEOS_DEPLOYMENT_TARGET = 17.0;
				LOCALIZATION_PREFERS_STRING_CATALOGS = YES;
				MTL_ENABLE_DEBUG_INFO = NO;
				MTL_FAST_MATH = YES;
				SDKROOT = iphoneos;
				SWIFT_COMPILATION_MODE = wholemodule;
				VALIDATE_PRODUCT = YES;
			};
			name = Release;
		};
		8F72EBE72AE7DF0B007E2D99 /* Debug */ = {
			isa = XCBuildConfiguration;
			buildSettings = {
				ASSETCATALOG_COMPILER_APPICON_NAME = AppIcon;
				ASSETCATALOG_COMPILER_GLOBAL_ACCENT_COLOR_NAME = AccentColor;
				CODE_SIGN_STYLE = Automatic;
				CURRENT_PROJECT_VERSION = 1;
				DEVELOPMENT_ASSET_PATHS = "\"CityMusicNavigator/Preview Content\"";
				DEVELOPMENT_TEAM = VRC3Z3Y9FB;
				ENABLE_PREVIEWS = YES;
				GENERATE_INFOPLIST_FILE = YES;
				INFOPLIST_FILE = CityMusicNavigator/Info.plist;
				INFOPLIST_KEY_LSApplicationCategoryType = "";
				INFOPLIST_KEY_NSLocationAlwaysUsageDescription = "位置情報いつも使うよ";
				INFOPLIST_KEY_NSLocationWhenInUseUsageDescription = "位置情報使うよ";
				INFOPLIST_KEY_UIApplicationSceneManifest_Generation = YES;
				INFOPLIST_KEY_UIApplicationSupportsIndirectInputEvents = YES;
				INFOPLIST_KEY_UILaunchScreen_Generation = YES;
				INFOPLIST_KEY_UISupportedInterfaceOrientations_iPad = "UIInterfaceOrientationPortrait UIInterfaceOrientationPortraitUpsideDown UIInterfaceOrientationLandscapeLeft UIInterfaceOrientationLandscapeRight";
				INFOPLIST_KEY_UISupportedInterfaceOrientations_iPhone = "UIInterfaceOrientationPortrait UIInterfaceOrientationLandscapeLeft UIInterfaceOrientationLandscapeRight";
				LD_RUNPATH_SEARCH_PATHS = (
					"$(inherited)",
					"@executable_path/Frameworks",
				);
				MARKETING_VERSION = 1.0;
				PRODUCT_BUNDLE_IDENTIFIER = KanonTonto.CityMusicNavigator;
				PRODUCT_NAME = "$(TARGET_NAME)";
				SWIFT_EMIT_LOC_STRINGS = YES;
				SWIFT_VERSION = 5.0;
				TARGETED_DEVICE_FAMILY = "1,2";
			};
			name = Debug;
		};
		8F72EBE82AE7DF0B007E2D99 /* Release */ = {
			isa = XCBuildConfiguration;
			buildSettings = {
				ASSETCATALOG_COMPILER_APPICON_NAME = AppIcon;
				ASSETCATALOG_COMPILER_GLOBAL_ACCENT_COLOR_NAME = AccentColor;
				CODE_SIGN_STYLE = Automatic;
				CURRENT_PROJECT_VERSION = 1;
				DEVELOPMENT_ASSET_PATHS = "\"CityMusicNavigator/Preview Content\"";
				DEVELOPMENT_TEAM = VRC3Z3Y9FB;
				ENABLE_PREVIEWS = YES;
				GENERATE_INFOPLIST_FILE = YES;
				INFOPLIST_FILE = CityMusicNavigator/Info.plist;
				INFOPLIST_KEY_LSApplicationCategoryType = "";
				INFOPLIST_KEY_NSLocationAlwaysUsageDescription = "位置情報いつも使うよ";
				INFOPLIST_KEY_NSLocationWhenInUseUsageDescription = "位置情報使うよ";
				INFOPLIST_KEY_UIApplicationSceneManifest_Generation = YES;
				INFOPLIST_KEY_UIApplicationSupportsIndirectInputEvents = YES;
				INFOPLIST_KEY_UILaunchScreen_Generation = YES;
				INFOPLIST_KEY_UISupportedInterfaceOrientations_iPad = "UIInterfaceOrientationPortrait UIInterfaceOrientationPortraitUpsideDown UIInterfaceOrientationLandscapeLeft UIInterfaceOrientationLandscapeRight";
				INFOPLIST_KEY_UISupportedInterfaceOrientations_iPhone = "UIInterfaceOrientationPortrait UIInterfaceOrientationLandscapeLeft UIInterfaceOrientationLandscapeRight";
				LD_RUNPATH_SEARCH_PATHS = (
					"$(inherited)",
					"@executable_path/Frameworks",
				);
				MARKETING_VERSION = 1.0;
				PRODUCT_BUNDLE_IDENTIFIER = KanonTonto.CityMusicNavigator;
				PRODUCT_NAME = "$(TARGET_NAME)";
				SWIFT_EMIT_LOC_STRINGS = YES;
				SWIFT_VERSION = 5.0;
				TARGETED_DEVICE_FAMILY = "1,2";
			};
			name = Release;
		};
		8F72EBEA2AE7DF0B007E2D99 /* Debug */ = {
			isa = XCBuildConfiguration;
			buildSettings = {
				ALWAYS_EMBED_SWIFT_STANDARD_LIBRARIES = YES;
				BUNDLE_LOADER = "$(TEST_HOST)";
				CODE_SIGN_STYLE = Automatic;
				CURRENT_PROJECT_VERSION = 1;
				GENERATE_INFOPLIST_FILE = YES;
				IPHONEOS_DEPLOYMENT_TARGET = 17.0;
				MARKETING_VERSION = 1.0;
				PRODUCT_BUNDLE_IDENTIFIER = KanonTonto.CityMusicNavigatorTests;
				PRODUCT_NAME = "$(TARGET_NAME)";
				SWIFT_EMIT_LOC_STRINGS = NO;
				SWIFT_VERSION = 5.0;
				TARGETED_DEVICE_FAMILY = "1,2";
				TEST_HOST = "$(BUILT_PRODUCTS_DIR)/CityMusicNavigator.app/$(BUNDLE_EXECUTABLE_FOLDER_PATH)/CityMusicNavigator";
			};
			name = Debug;
		};
		8F72EBEB2AE7DF0B007E2D99 /* Release */ = {
			isa = XCBuildConfiguration;
			buildSettings = {
				ALWAYS_EMBED_SWIFT_STANDARD_LIBRARIES = YES;
				BUNDLE_LOADER = "$(TEST_HOST)";
				CODE_SIGN_STYLE = Automatic;
				CURRENT_PROJECT_VERSION = 1;
				GENERATE_INFOPLIST_FILE = YES;
				IPHONEOS_DEPLOYMENT_TARGET = 17.0;
				MARKETING_VERSION = 1.0;
				PRODUCT_BUNDLE_IDENTIFIER = KanonTonto.CityMusicNavigatorTests;
				PRODUCT_NAME = "$(TARGET_NAME)";
				SWIFT_EMIT_LOC_STRINGS = NO;
				SWIFT_VERSION = 5.0;
				TARGETED_DEVICE_FAMILY = "1,2";
				TEST_HOST = "$(BUILT_PRODUCTS_DIR)/CityMusicNavigator.app/$(BUNDLE_EXECUTABLE_FOLDER_PATH)/CityMusicNavigator";
			};
			name = Release;
		};
		8F72EBED2AE7DF0B007E2D99 /* Debug */ = {
			isa = XCBuildConfiguration;
			buildSettings = {
				ALWAYS_EMBED_SWIFT_STANDARD_LIBRARIES = YES;
				CODE_SIGN_STYLE = Automatic;
				CURRENT_PROJECT_VERSION = 1;
				GENERATE_INFOPLIST_FILE = YES;
				MARKETING_VERSION = 1.0;
				PRODUCT_BUNDLE_IDENTIFIER = KanonTonto.CityMusicNavigatorUITests;
				PRODUCT_NAME = "$(TARGET_NAME)";
				SWIFT_EMIT_LOC_STRINGS = NO;
				SWIFT_VERSION = 5.0;
				TARGETED_DEVICE_FAMILY = "1,2";
				TEST_TARGET_NAME = CityMusicNavigator;
			};
			name = Debug;
		};
		8F72EBEE2AE7DF0B007E2D99 /* Release */ = {
			isa = XCBuildConfiguration;
			buildSettings = {
				ALWAYS_EMBED_SWIFT_STANDARD_LIBRARIES = YES;
				CODE_SIGN_STYLE = Automatic;
				CURRENT_PROJECT_VERSION = 1;
				GENERATE_INFOPLIST_FILE = YES;
				MARKETING_VERSION = 1.0;
				PRODUCT_BUNDLE_IDENTIFIER = KanonTonto.CityMusicNavigatorUITests;
				PRODUCT_NAME = "$(TARGET_NAME)";
				SWIFT_EMIT_LOC_STRINGS = NO;
				SWIFT_VERSION = 5.0;
				TARGETED_DEVICE_FAMILY = "1,2";
				TEST_TARGET_NAME = CityMusicNavigator;
			};
			name = Release;
		};
/* End XCBuildConfiguration section */

/* Begin XCConfigurationList section */
		8F72EBBD2AE7DF0A007E2D99 /* Build configuration list for PBXProject "CityMusicNavigator" */ = {
			isa = XCConfigurationList;
			buildConfigurations = (
				8F72EBE42AE7DF0B007E2D99 /* Debug */,
				8F72EBE52AE7DF0B007E2D99 /* Release */,
			);
			defaultConfigurationIsVisible = 0;
			defaultConfigurationName = Release;
		};
		8F72EBE62AE7DF0B007E2D99 /* Build configuration list for PBXNativeTarget "CityMusicNavigator" */ = {
			isa = XCConfigurationList;
			buildConfigurations = (
				8F72EBE72AE7DF0B007E2D99 /* Debug */,
				8F72EBE82AE7DF0B007E2D99 /* Release */,
			);
			defaultConfigurationIsVisible = 0;
			defaultConfigurationName = Release;
		};
		8F72EBE92AE7DF0B007E2D99 /* Build configuration list for PBXNativeTarget "CityMusicNavigatorTests" */ = {
			isa = XCConfigurationList;
			buildConfigurations = (
				8F72EBEA2AE7DF0B007E2D99 /* Debug */,
				8F72EBEB2AE7DF0B007E2D99 /* Release */,
			);
			defaultConfigurationIsVisible = 0;
			defaultConfigurationName = Release;
		};
		8F72EBEC2AE7DF0B007E2D99 /* Build configuration list for PBXNativeTarget "CityMusicNavigatorUITests" */ = {
			isa = XCConfigurationList;
			buildConfigurations = (
				8F72EBED2AE7DF0B007E2D99 /* Debug */,
				8F72EBEE2AE7DF0B007E2D99 /* Release */,
			);
			defaultConfigurationIsVisible = 0;
			defaultConfigurationName = Release;
		};
/* End XCConfigurationList section */
	};
	rootObject = 8F72EBBA2AE7DF0A007E2D99 /* Project object */;
}
